{
  "nodes": {
    "nixpkgs": {
      "locked": {
        "lastModified": 1699492474,
        "narHash": "sha256-lNsxFDrc+HfzxxOphjy8LEgPmAWNSCxj+tTJSvmA6Ng=",
        "owner": "NixOS",
        "repo": "nixpkgs",
        "rev": "a5741b3dcfecaa0223756afc8de31ae445de6ab9",
        "type": "github"
      },
      "original": {
        "owner": "NixOS",
        "repo": "nixpkgs",
        "type": "github"
      }
    },
    "root": {
      "inputs": {
        "nixpkgs": "nixpkgs"
      }
    }
  },
  "root": "root",
  "version": 7
}
